
Microsoft Visual Studio Solution File, Format Version 12.00
# Visual Studio Version 17
VisualStudioVersion = 17.3.32804.467
MinimumVisualStudioVersion = 10.0.40219.1
Project("{9A19103F-16F7-4668-BE54-9A1E7A4F7556}") = "PocDDD.Api", "PocDDD.Api.csproj", "{8C0BFEB4-CEA8-4942-BE46-0A5FB9249C30}"
EndProject
Project("{9A19103F-16F7-4668-BE54-9A1E7A4F7556}") = "PocDDD.Api.Tests", "..\PocDDD.Api.Tests\PocDDD.Api.Tests.csproj", "{C6608C77-D621-4CE2-8005-6DE1866C2B35}"
EndProject
Project("{2150E333-8FDC-42A3-9474-1A3956D46DE8}") = "Solution Items", "Solution Items", "{EC2AA72C-188A-4290-B02B-D3602ABC6136}"
	ProjectSection(SolutionItems) = preProject
		.editorconfig = .editorconfig
	EndProjectSection
EndProject
Global
	GlobalSection(SolutionConfigurationPlatforms) = preSolution
		Debug|Any CPU = Debug|Any CPU
		Release|Any CPU = Release|Any CPU
	EndGlobalSection
	GlobalSection(ProjectConfigurationPlatforms) = postSolution
		{8C0BFEB4-CEA8-4942-BE46-0A5FB9249C30}.Debug|Any CPU.ActiveCfg = Debug|Any CPU
		{8C0BFEB4-CEA8-4942-BE46-0A5FB9249C30}.Debug|Any CPU.Build.0 = Debug|Any CPU
		{8C0BFEB4-CEA8-4942-BE46-0A5FB9249C30}.Release|Any CPU.ActiveCfg = Release|Any CPU
		{8C0BFEB4-CEA8-4942-BE46-0A5FB9249C30}.Release|Any CPU.Build.0 = Release|Any CPU
		{C6608C77-D621-4CE2-8005-6DE1866C2B35}.Debug|Any CPU.ActiveCfg = Debug|Any CPU
		{C6608C77-D621-4CE2-8005-6DE1866C2B35}.Debug|Any CPU.Build.0 = Debug|Any CPU
		{C6608C77-D621-4CE2-8005-6DE1866C2B35}.Release|Any CPU.ActiveCfg = Release|Any CPU
		{C6608C77-D621-4CE2-8005-6DE1866C2B35}.Release|Any CPU.Build.0 = Release|Any CPU
	EndGlobalSection
	GlobalSection(SolutionProperties) = preSolution
		HideSolutionNode = FALSE
	EndGlobalSection
	GlobalSection(ExtensibilityGlobals) = postSolution
		SolutionGuid = {33CDB4CC-EA49-4A4A-903A-9180AA1ECA03}
	EndGlobalSection
EndGlobal
